# This file is automatically @generated by Poetry and should not be changed by hand.

[[package]]
name = "fuzzy-multi-dict"
version = "0.0.4"
description = "`fuzzy-multi-dict` is a module that provides a hight-flexible structure for storing and accessing information by a string key."
category = "main"
optional = false
python-versions = ">=3.9,<4.0"
files = [
    {file = "fuzzy_multi_dict-0.0.4-py3-none-any.whl", hash = "sha256:22eeb1a325203f38209ecf19274d027cf8e1a2b625b6dc4463f2622bd38ae4ab"},
    {file = "fuzzy_multi_dict-0.0.4.tar.gz", hash = "sha256:be9374d6715e505ee0c1a63edb73fd29bfcba728c5fb64ed3d33a1e7bd83bfec"},
]

[metadata]
lock-version = "2.0"
python-versions = "^3.9"
content-hash = "93e9af9ee958c864418be90cd6b33045c0526a504f4d4c1c613ad13f0516c60c"
