# This file is automatically @generated by Poetry and should not be changed by hand.

[[package]]
name = "fuzzy-multi-dict"
version = "0.0.3"
description = ""
category = "main"
optional = false
python-versions = ">=3.9,<4.0"
files = [
    {file = "fuzzy_multi_dict-0.0.3-py3-none-any.whl", hash = "sha256:dbfd52955aa7ce88ffebdf4e67dad5e699ed2dd4dca03693f855aeaeaad3305b"},
    {file = "fuzzy_multi_dict-0.0.3.tar.gz", hash = "sha256:4deb75355d088595106b0de706235d390a79044a8bc20cb850b52a9b41c104f1"},
]

[metadata]
lock-version = "2.0"
python-versions = "^3.9"
content-hash = "cb36669b570ea4d46395513ea01ae61c19371fa696c30be112bc1b34681a03a4"
